// !$*UTF8*$!
{
	archiveVersion = 1;
	classes = {
	};
	objectVersion = 55;
	objects = {

/* Begin PBXBuildFile section */
		7CADD9F4282BF5B500A98290 /* HomeScreenView.swift in Sources */ = {isa = PBXBuildFile; fileRef = 7CADD9F3282BF5B500A98290 /* HomeScreenView.swift */; };
		7CADD9F8282BF5D700A98290 /* CardView.swift in Sources */ = {isa = PBXBuildFile; fileRef = 7CADD9F7282BF5D700A98290 /* CardView.swift */; };
		7CADD9FB282BF6AA00A98290 /* ClearTextField.swift in Sources */ = {isa = PBXBuildFile; fileRef = 7CADD9FA282BF6AA00A98290 /* ClearTextField.swift */; };
		CB0C2FAD282C1BF500DE4529 /* SwiftUIX in Frameworks */ = {isa = PBXBuildFile; productRef = CB0C2FAC282C1BF500DE4529 /* SwiftUIX */; };
		CB321A9C282CE16D00A13AC4 /* HomePageView.swift in Sources */ = {isa = PBXBuildFile; fileRef = CB321A9B282CE16D00A13AC4 /* HomePageView.swift */; };
		CB321A9E282D267200A13AC4 /* AddItemSheetView.swift in Sources */ = {isa = PBXBuildFile; fileRef = CB321A9D282D267200A13AC4 /* AddItemSheetView.swift */; };
		CB3403B3283536A70045AB62 /* BagCompartmentItemView.swift in Sources */ = {isa = PBXBuildFile; fileRef = CB3403B2283536A70045AB62 /* BagCompartmentItemView.swift */; };
		CB8250DC282BF2C9001ED786 /* BagLocationApp.swift in Sources */ = {isa = PBXBuildFile; fileRef = CB8250DB282BF2C9001ED786 /* BagLocationApp.swift */; };
		CB8250DE282BF2C9001ED786 /* ContentView.swift in Sources */ = {isa = PBXBuildFile; fileRef = CB8250DD282BF2C9001ED786 /* ContentView.swift */; };
		CB8250E0282BF2CB001ED786 /* Assets.xcassets in Resources */ = {isa = PBXBuildFile; fileRef = CB8250DF282BF2CB001ED786 /* Assets.xcassets */; };
		CB8250E3282BF2CB001ED786 /* Preview Assets.xcassets in Resources */ = {isa = PBXBuildFile; fileRef = CB8250E2282BF2CB001ED786 /* Preview Assets.xcassets */; };
		CB8250E5282BF2CB001ED786 /* Persistence.swift in Sources */ = {isa = PBXBuildFile; fileRef = CB8250E4282BF2CB001ED786 /* Persistence.swift */; };
		CB8250E8282BF2CB001ED786 /* BagLocation.xcdatamodeld in Sources */ = {isa = PBXBuildFile; fileRef = CB8250E6282BF2CB001ED786 /* BagLocation.xcdatamodeld */; };
		CB8250F1282C0E33001ED786 /* ItemSearchView.swift in Sources */ = {isa = PBXBuildFile; fileRef = CB8250F0282C0E33001ED786 /* ItemSearchView.swift */; };
		CB8250F3282C1343001ED786 /* SearchBarView.swift in Sources */ = {isa = PBXBuildFile; fileRef = CB8250F2282C1343001ED786 /* SearchBarView.swift */; };
/* End PBXBuildFile section */

/* Begin PBXFileReference section */
		7CADD9F3282BF5B500A98290 /* HomeScreenView.swift */ = {isa = PBXFileReference; lastKnownFileType = sourcecode.swift; path = HomeScreenView.swift; sourceTree = "<group>"; };
		7CADD9F7282BF5D700A98290 /* CardView.swift */ = {isa = PBXFileReference; lastKnownFileType = sourcecode.swift; path = CardView.swift; sourceTree = "<group>"; };
		7CADD9FA282BF6AA00A98290 /* ClearTextField.swift */ = {isa = PBXFileReference; lastKnownFileType = sourcecode.swift; path = ClearTextField.swift; sourceTree = "<group>"; };
		CB321A9B282CE16D00A13AC4 /* HomePageView.swift */ = {isa = PBXFileReference; lastKnownFileType = sourcecode.swift; path = HomePageView.swift; sourceTree = "<group>"; };
		CB321A9D282D267200A13AC4 /* AddItemSheetView.swift */ = {isa = PBXFileReference; lastKnownFileType = sourcecode.swift; path = AddItemSheetView.swift; sourceTree = "<group>"; };
		CB3403B2283536A70045AB62 /* BagCompartmentItemView.swift */ = {isa = PBXFileReference; lastKnownFileType = sourcecode.swift; path = BagCompartmentItemView.swift; sourceTree = "<group>"; };
		CB8250D8282BF2C9001ED786 /* BagLocation.app */ = {isa = PBXFileReference; explicitFileType = wrapper.application; includeInIndex = 0; path = BagLocation.app; sourceTree = BUILT_PRODUCTS_DIR; };
		CB8250DB282BF2C9001ED786 /* BagLocationApp.swift */ = {isa = PBXFileReference; lastKnownFileType = sourcecode.swift; path = BagLocationApp.swift; sourceTree = "<group>"; };
		CB8250DD282BF2C9001ED786 /* ContentView.swift */ = {isa = PBXFileReference; lastKnownFileType = sourcecode.swift; path = ContentView.swift; sourceTree = "<group>"; };
		CB8250DF282BF2CB001ED786 /* Assets.xcassets */ = {isa = PBXFileReference; lastKnownFileType = folder.assetcatalog; path = Assets.xcassets; sourceTree = "<group>"; };
		CB8250E2282BF2CB001ED786 /* Preview Assets.xcassets */ = {isa = PBXFileReference; lastKnownFileType = folder.assetcatalog; path = "Preview Assets.xcassets"; sourceTree = "<group>"; };
		CB8250E4282BF2CB001ED786 /* Persistence.swift */ = {isa = PBXFileReference; lastKnownFileType = sourcecode.swift; path = Persistence.swift; sourceTree = "<group>"; };
		CB8250E7282BF2CB001ED786 /* BagLocation.xcdatamodel */ = {isa = PBXFileReference; lastKnownFileType = wrapper.xcdatamodel; path = BagLocation.xcdatamodel; sourceTree = "<group>"; };
		CB8250F0282C0E33001ED786 /* ItemSearchView.swift */ = {isa = PBXFileReference; lastKnownFileType = sourcecode.swift; path = ItemSearchView.swift; sourceTree = "<group>"; };
		CB8250F2282C1343001ED786 /* SearchBarView.swift */ = {isa = PBXFileReference; lastKnownFileType = sourcecode.swift; path = SearchBarView.swift; sourceTree = "<group>"; };
/* End PBXFileReference section */

/* Begin PBXFrameworksBuildPhase section */
		CB8250D5282BF2C9001ED786 /* Frameworks */ = {
			isa = PBXFrameworksBuildPhase;
			buildActionMask = 2147483647;
			files = (
				CB0C2FAD282C1BF500DE4529 /* SwiftUIX in Frameworks */,
			);
			runOnlyForDeploymentPostprocessing = 0;
		};
/* End PBXFrameworksBuildPhase section */

/* Begin PBXGroup section */
		7CADD9F2282BF41B00A98290 /* HomeScreen */ = {
			isa = PBXGroup;
			children = (
				7CADD9F5282BF5C100A98290 /* Components */,
				7CADD9F3282BF5B500A98290 /* HomeScreenView.swift */,
			);
			path = HomeScreen;
			sourceTree = "<group>";
		};
		7CADD9F5282BF5C100A98290 /* Components */ = {
			isa = PBXGroup;
			children = (
				7CADD9F7282BF5D700A98290 /* CardView.swift */,
			);
			path = Components;
			sourceTree = "<group>";
		};
		7CADD9F9282BF69A00A98290 /* Utils */ = {
			isa = PBXGroup;
			children = (
				7CADD9FA282BF6AA00A98290 /* ClearTextField.swift */,
			);
			path = Utils;
			sourceTree = "<group>";
		};
		CB8250CF282BF2C9001ED786 = {
			isa = PBXGroup;
			children = (
				CB8250DA282BF2C9001ED786 /* BagLocation */,
				CB8250D9282BF2C9001ED786 /* Products */,
			);
			sourceTree = "<group>";
		};
		CB8250D9282BF2C9001ED786 /* Products */ = {
			isa = PBXGroup;
			children = (
				CB8250D8282BF2C9001ED786 /* BagLocation.app */,
			);
			name = Products;
			sourceTree = "<group>";
		};
		CB8250DA282BF2C9001ED786 /* BagLocation */ = {
			isa = PBXGroup;
			children = (
				7CADD9F2282BF41B00A98290 /* HomeScreen */,
				CB8250DB282BF2C9001ED786 /* BagLocationApp.swift */,
				CB8250DD282BF2C9001ED786 /* ContentView.swift */,
				CB8250DF282BF2CB001ED786 /* Assets.xcassets */,
				CB8250E4282BF2CB001ED786 /* Persistence.swift */,
				CB8250E6282BF2CB001ED786 /* BagLocation.xcdatamodeld */,
				7CADD9F9282BF69A00A98290 /* Utils */,
				CB8250E1282BF2CB001ED786 /* Preview Content */,
				CB8250F0282C0E33001ED786 /* ItemSearchView.swift */,
				CB8250F2282C1343001ED786 /* SearchBarView.swift */,
				CB321A9B282CE16D00A13AC4 /* HomePageView.swift */,
				CB321A9D282D267200A13AC4 /* AddItemSheetView.swift */,
				CB3403B2283536A70045AB62 /* BagCompartmentItemView.swift */,
			);
			path = BagLocation;
			sourceTree = "<group>";
		};
		CB8250E1282BF2CB001ED786 /* Preview Content */ = {
			isa = PBXGroup;
			children = (
				CB8250E2282BF2CB001ED786 /* Preview Assets.xcassets */,
			);
			path = "Preview Content";
			sourceTree = "<group>";
		};
/* End PBXGroup section */

/* Begin PBXNativeTarget section */
		CB8250D7282BF2C9001ED786 /* BagLocation */ = {
			isa = PBXNativeTarget;
			buildConfigurationList = CB8250EB282BF2CB001ED786 /* Build configuration list for PBXNativeTarget "BagLocation" */;
			buildPhases = (
				CB8250D4282BF2C9001ED786 /* Sources */,
				CB8250D5282BF2C9001ED786 /* Frameworks */,
				CB8250D6282BF2C9001ED786 /* Resources */,
			);
			buildRules = (
			);
			dependencies = (
			);
			name = BagLocation;
			packageProductDependencies = (
				CB0C2FAC282C1BF500DE4529 /* SwiftUIX */,
			);
			productName = BagLocation;
			productReference = CB8250D8282BF2C9001ED786 /* BagLocation.app */;
			productType = "com.apple.product-type.application";
		};
/* End PBXNativeTarget section */

/* Begin PBXProject section */
		CB8250D0282BF2C9001ED786 /* Project object */ = {
			isa = PBXProject;
			attributes = {
				BuildIndependentTargetsInParallel = 1;
				LastSwiftUpdateCheck = 1330;
				LastUpgradeCheck = 1330;
				TargetAttributes = {
					CB8250D7282BF2C9001ED786 = {
						CreatedOnToolsVersion = 13.3;
					};
				};
			};
			buildConfigurationList = CB8250D3282BF2C9001ED786 /* Build configuration list for PBXProject "BagLocation" */;
			compatibilityVersion = "Xcode 13.0";
			developmentRegion = en;
			hasScannedForEncodings = 0;
			knownRegions = (
				en,
				Base,
			);
			mainGroup = CB8250CF282BF2C9001ED786;
			packageReferences = (
				CB0C2FAB282C1BF500DE4529 /* XCRemoteSwiftPackageReference "SwiftUIX" */,
			);
			productRefGroup = CB8250D9282BF2C9001ED786 /* Products */;
			projectDirPath = "";
			projectRoot = "";
			targets = (
				CB8250D7282BF2C9001ED786 /* BagLocation */,
			);
		};
/* End PBXProject section */

/* Begin PBXResourcesBuildPhase section */
		CB8250D6282BF2C9001ED786 /* Resources */ = {
			isa = PBXResourcesBuildPhase;
			buildActionMask = 2147483647;
			files = (
				CB8250E3282BF2CB001ED786 /* Preview Assets.xcassets in Resources */,
				CB8250E0282BF2CB001ED786 /* Assets.xcassets in Resources */,
			);
			runOnlyForDeploymentPostprocessing = 0;
		};
/* End PBXResourcesBuildPhase section */

/* Begin PBXSourcesBuildPhase section */
		CB8250D4282BF2C9001ED786 /* Sources */ = {
			isa = PBXSourcesBuildPhase;
			buildActionMask = 2147483647;
			files = (
				CB8250E5282BF2CB001ED786 /* Persistence.swift in Sources */,
				CB8250DE282BF2C9001ED786 /* ContentView.swift in Sources */,
				7CADD9FB282BF6AA00A98290 /* ClearTextField.swift in Sources */,
				7CADD9F4282BF5B500A98290 /* HomeScreenView.swift in Sources */,
				CB8250DC282BF2C9001ED786 /* BagLocationApp.swift in Sources */,
				7CADD9F8282BF5D700A98290 /* CardView.swift in Sources */,
				CB8250E8282BF2CB001ED786 /* BagLocation.xcdatamodeld in Sources */,
				CB8250F3282C1343001ED786 /* SearchBarView.swift in Sources */,
				CB321A9E282D267200A13AC4 /* AddItemSheetView.swift in Sources */,
				CB3403B3283536A70045AB62 /* BagCompartmentItemView.swift in Sources */,
				CB321A9C282CE16D00A13AC4 /* HomePageView.swift in Sources */,
				CB8250F1282C0E33001ED786 /* ItemSearchView.swift in Sources */,
			);
			runOnlyForDeploymentPostprocessing = 0;
		};
/* End PBXSourcesBuildPhase section */

/* Begin XCBuildConfiguration section */
		CB8250E9282BF2CB001ED786 /* Debug */ = {
			isa = XCBuildConfiguration;
			buildSettings = {
				ALWAYS_SEARCH_USER_PATHS = NO;
				CLANG_ANALYZER_NONNULL = YES;
				CLANG_ANALYZER_NUMBER_OBJECT_CONVERSION = YES_AGGRESSIVE;
				CLANG_CXX_LANGUAGE_STANDARD = "gnu++17";
				CLANG_ENABLE_MODULES = YES;
				CLANG_ENABLE_OBJC_ARC = YES;
				CLANG_ENABLE_OBJC_WEAK = YES;
				CLANG_WARN_BLOCK_CAPTURE_AUTORELEASING = YES;
				CLANG_WARN_BOOL_CONVERSION = YES;
				CLANG_WARN_COMMA = YES;
				CLANG_WARN_CONSTANT_CONVERSION = YES;
				CLANG_WARN_DEPRECATED_OBJC_IMPLEMENTATIONS = YES;
				CLANG_WARN_DIRECT_OBJC_ISA_USAGE = YES_ERROR;
				CLANG_WARN_DOCUMENTATION_COMMENTS = YES;
				CLANG_WARN_EMPTY_BODY = YES;
				CLANG_WARN_ENUM_CONVERSION = YES;
				CLANG_WARN_INFINITE_RECURSION = YES;
				CLANG_WARN_INT_CONVERSION = YES;
				CLANG_WARN_NON_LITERAL_NULL_CONVERSION = YES;
				CLANG_WARN_OBJC_IMPLICIT_RETAIN_SELF = YES;
				CLANG_WARN_OBJC_LITERAL_CONVERSION = YES;
				CLANG_WARN_OBJC_ROOT_CLASS = YES_ERROR;
				CLANG_WARN_QUOTED_INCLUDE_IN_FRAMEWORK_HEADER = YES;
				CLANG_WARN_RANGE_LOOP_ANALYSIS = YES;
				CLANG_WARN_STRICT_PROTOTYPES = YES;
				CLANG_WARN_SUSPICIOUS_MOVE = YES;
				CLANG_WARN_UNGUARDED_AVAILABILITY = YES_AGGRESSIVE;
				CLANG_WARN_UNREACHABLE_CODE = YES;
				CLANG_WARN__DUPLICATE_METHOD_MATCH = YES;
				COPY_PHASE_STRIP = NO;
				DEBUG_INFORMATION_FORMAT = dwarf;
				ENABLE_STRICT_OBJC_MSGSEND = YES;
				ENABLE_TESTABILITY = YES;
				GCC_C_LANGUAGE_STANDARD = gnu11;
				GCC_DYNAMIC_NO_PIC = NO;
				GCC_NO_COMMON_BLOCKS = YES;
				GCC_OPTIMIZATION_LEVEL = 0;
				GCC_PREPROCESSOR_DEFINITIONS = (
					"DEBUG=1",
					"$(inherited)",
				);
				GCC_WARN_64_TO_32_BIT_CONVERSION = YES;
				GCC_WARN_ABOUT_RETURN_TYPE = YES_ERROR;
				GCC_WARN_UNDECLARED_SELECTOR = YES;
				GCC_WARN_UNINITIALIZED_AUTOS = YES_AGGRESSIVE;
				GCC_WARN_UNUSED_FUNCTION = YES;
				GCC_WARN_UNUSED_VARIABLE = YES;
				IPHONEOS_DEPLOYMENT_TARGET = 15.4;
				MTL_ENABLE_DEBUG_INFO = INCLUDE_SOURCE;
				MTL_FAST_MATH = YES;
				ONLY_ACTIVE_ARCH = YES;
				SDKROOT = iphoneos;
				SWIFT_ACTIVE_COMPILATION_CONDITIONS = DEBUG;
				SWIFT_OPTIMIZATION_LEVEL = "-Onone";
			};
			name = Debug;
		};
		CB8250EA282BF2CB001ED786 /* Release */ = {
			isa = XCBuildConfiguration;
			buildSettings = {
				ALWAYS_SEARCH_USER_PATHS = NO;
				CLANG_ANALYZER_NONNULL = YES;
				CLANG_ANALYZER_NUMBER_OBJECT_CONVERSION = YES_AGGRESSIVE;
				CLANG_CXX_LANGUAGE_STANDARD = "gnu++17";
				CLANG_ENABLE_MODULES = YES;
				CLANG_ENABLE_OBJC_ARC = YES;
				CLANG_ENABLE_OBJC_WEAK = YES;
				CLANG_WARN_BLOCK_CAPTURE_AUTORELEASING = YES;
				CLANG_WARN_BOOL_CONVERSION = YES;
				CLANG_WARN_COMMA = YES;
				CLANG_WARN_CONSTANT_CONVERSION = YES;
				CLANG_WARN_DEPRECATED_OBJC_IMPLEMENTATIONS = YES;
				CLANG_WARN_DIRECT_OBJC_ISA_USAGE = YES_ERROR;
				CLANG_WARN_DOCUMENTATION_COMMENTS = YES;
				CLANG_WARN_EMPTY_BODY = YES;
				CLANG_WARN_ENUM_CONVERSION = YES;
				CLANG_WARN_INFINITE_RECURSION = YES;
				CLANG_WARN_INT_CONVERSION = YES;
				CLANG_WARN_NON_LITERAL_NULL_CONVERSION = YES;
				CLANG_WARN_OBJC_IMPLICIT_RETAIN_SELF = YES;
				CLANG_WARN_OBJC_LITERAL_CONVERSION = YES;
				CLANG_WARN_OBJC_ROOT_CLASS = YES_ERROR;
				CLANG_WARN_QUOTED_INCLUDE_IN_FRAMEWORK_HEADER = YES;
				CLANG_WARN_RANGE_LOOP_ANALYSIS = YES;
				CLANG_WARN_STRICT_PROTOTYPES = YES;
				CLANG_WARN_SUSPICIOUS_MOVE = YES;
				CLANG_WARN_UNGUARDED_AVAILABILITY = YES_AGGRESSIVE;
				CLANG_WARN_UNREACHABLE_CODE = YES;
				CLANG_WARN__DUPLICATE_METHOD_MATCH = YES;
				COPY_PHASE_STRIP = NO;
				DEBUG_INFORMATION_FORMAT = "dwarf-with-dsym";
				ENABLE_NS_ASSERTIONS = NO;
				ENABLE_STRICT_OBJC_MSGSEND = YES;
				GCC_C_LANGUAGE_STANDARD = gnu11;
				GCC_NO_COMMON_BLOCKS = YES;
				GCC_WARN_64_TO_32_BIT_CONVERSION = YES;
				GCC_WARN_ABOUT_RETURN_TYPE = YES_ERROR;
				GCC_WARN_UNDECLARED_SELECTOR = YES;
				GCC_WARN_UNINITIALIZED_AUTOS = YES_AGGRESSIVE;
				GCC_WARN_UNUSED_FUNCTION = YES;
				GCC_WARN_UNUSED_VARIABLE = YES;
				IPHONEOS_DEPLOYMENT_TARGET = 15.4;
				MTL_ENABLE_DEBUG_INFO = NO;
				MTL_FAST_MATH = YES;
				SDKROOT = iphoneos;
				SWIFT_COMPILATION_MODE = wholemodule;
				SWIFT_OPTIMIZATION_LEVEL = "-O";
				VALIDATE_PRODUCT = YES;
			};
			name = Release;
		};
		CB8250EC282BF2CB001ED786 /* Debug */ = {
			isa = XCBuildConfiguration;
			buildSettings = {
				ASSETCATALOG_COMPILER_APPICON_NAME = AppIcon;
				ASSETCATALOG_COMPILER_GLOBAL_ACCENT_COLOR_NAME = AccentColor;
				CODE_SIGN_STYLE = Automatic;
				CURRENT_PROJECT_VERSION = 1;
				DEVELOPMENT_ASSET_PATHS = "\"BagLocation/Preview Content\"";
				DEVELOPMENT_TEAM = 89TMJ964L4;
				ENABLE_PREVIEWS = YES;
				GENERATE_INFOPLIST_FILE = YES;
				INFOPLIST_KEY_UIApplicationSceneManifest_Generation = YES;
				INFOPLIST_KEY_UIApplicationSupportsIndirectInputEvents = YES;
				INFOPLIST_KEY_UILaunchScreen_Generation = YES;
				INFOPLIST_KEY_UISupportedInterfaceOrientations_iPad = "UIInterfaceOrientationPortrait UIInterfaceOrientationPortraitUpsideDown UIInterfaceOrientationLandscapeLeft UIInterfaceOrientationLandscapeRight";
				INFOPLIST_KEY_UISupportedInterfaceOrientations_iPhone = "UIInterfaceOrientationPortrait UIInterfaceOrientationLandscapeLeft UIInterfaceOrientationLandscapeRight";
				LD_RUNPATH_SEARCH_PATHS = (
					"$(inherited)",
					"@executable_path/Frameworks",
				);
				MARKETING_VERSION = 1.0;
				PRODUCT_BUNDLE_IDENTIFIER = com.agusart.BagLocation;
				PRODUCT_NAME = "$(TARGET_NAME)";
				SWIFT_EMIT_LOC_STRINGS = YES;
				SWIFT_VERSION = 5.0;
				TARGETED_DEVICE_FAMILY = "1,2";
			};
			name = Debug;
		};
		CB8250ED282BF2CB001ED786 /* Release */ = {
			isa = XCBuildConfiguration;
			buildSettings = {
				ASSETCATALOG_COMPILER_APPICON_NAME = AppIcon;
				ASSETCATALOG_COMPILER_GLOBAL_ACCENT_COLOR_NAME = AccentColor;
				CODE_SIGN_STYLE = Automatic;
				CURRENT_PROJECT_VERSION = 1;
				DEVELOPMENT_ASSET_PATHS = "\"BagLocation/Preview Content\"";
				DEVELOPMENT_TEAM = 89TMJ964L4;
				ENABLE_PREVIEWS = YES;
				GENERATE_INFOPLIST_FILE = YES;
				INFOPLIST_KEY_UIApplicationSceneManifest_Generation = YES;
				INFOPLIST_KEY_UIApplicationSupportsIndirectInputEvents = YES;
				INFOPLIST_KEY_UILaunchScreen_Generation = YES;
				INFOPLIST_KEY_UISupportedInterfaceOrientations_iPad = "UIInterfaceOrientationPortrait UIInterfaceOrientationPortraitUpsideDown UIInterfaceOrientationLandscapeLeft UIInterfaceOrientationLandscapeRight";
				INFOPLIST_KEY_UISupportedInterfaceOrientations_iPhone = "UIInterfaceOrientationPortrait UIInterfaceOrientationLandscapeLeft UIInterfaceOrientationLandscapeRight";
				LD_RUNPATH_SEARCH_PATHS = (
					"$(inherited)",
					"@executable_path/Frameworks",
				);
				MARKETING_VERSION = 1.0;
				PRODUCT_BUNDLE_IDENTIFIER = com.agusart.BagLocation;
				PRODUCT_NAME = "$(TARGET_NAME)";
				SWIFT_EMIT_LOC_STRINGS = YES;
				SWIFT_VERSION = 5.0;
				TARGETED_DEVICE_FAMILY = "1,2";
			};
			name = Release;
		};
/* End XCBuildConfiguration section */

/* Begin XCConfigurationList section */
		CB8250D3282BF2C9001ED786 /* Build configuration list for PBXProject "BagLocation" */ = {
			isa = XCConfigurationList;
			buildConfigurations = (
				CB8250E9282BF2CB001ED786 /* Debug */,
				CB8250EA282BF2CB001ED786 /* Release */,
			);
			defaultConfigurationIsVisible = 0;
			defaultConfigurationName = Release;
		};
		CB8250EB282BF2CB001ED786 /* Build configuration list for PBXNativeTarget "BagLocation" */ = {
			isa = XCConfigurationList;
			buildConfigurations = (
				CB8250EC282BF2CB001ED786 /* Debug */,
				CB8250ED282BF2CB001ED786 /* Release */,
			);
			defaultConfigurationIsVisible = 0;
			defaultConfigurationName = Release;
		};
/* End XCConfigurationList section */

/* Begin XCRemoteSwiftPackageReference section */
		CB0C2FAB282C1BF500DE4529 /* XCRemoteSwiftPackageReference "SwiftUIX" */ = {
			isa = XCRemoteSwiftPackageReference;
			repositoryURL = "https://github.com/SwiftUIX/SwiftUIX";
			requirement = {
				kind = upToNextMajorVersion;
				minimumVersion = 0.1.2;
			};
		};
/* End XCRemoteSwiftPackageReference section */

/* Begin XCSwiftPackageProductDependency section */
		CB0C2FAC282C1BF500DE4529 /* SwiftUIX */ = {
			isa = XCSwiftPackageProductDependency;
			package = CB0C2FAB282C1BF500DE4529 /* XCRemoteSwiftPackageReference "SwiftUIX" */;
			productName = SwiftUIX;
		};
/* End XCSwiftPackageProductDependency section */

/* Begin XCVersionGroup section */
		CB8250E6282BF2CB001ED786 /* BagLocation.xcdatamodeld */ = {
			isa = XCVersionGroup;
			children = (
				CB8250E7282BF2CB001ED786 /* BagLocation.xcdatamodel */,
			);
			currentVersion = CB8250E7282BF2CB001ED786 /* BagLocation.xcdatamodel */;
			path = BagLocation.xcdatamodeld;
			sourceTree = "<group>";
			versionGroupType = wrapper.xcdatamodel;
		};
/* End XCVersionGroup section */
	};
	rootObject = CB8250D0282BF2C9001ED786 /* Project object */;
}
